
Microsoft Visual Studio Solution File, Format Version 12.00
# Visual Studio Version 17
VisualStudioVersion = 17.0.31903.59
MinimumVisualStudioVersion = 10.0.40219.1
Project("{FAE04EC0-301F-11D3-BF4B-00C04F79EFBC}") = "MyMath", "MyMath\MyMath.csproj", "{704977B1-F69B-492B-8A68-A124638AAE46}"
EndProject
Project("{FAE04EC0-301F-11D3-BF4B-00C04F79EFBC}") = "MyMath.Tests", "MyMath.Tests\MyMath.Tests.csproj", "{3924046F-EFB4-4E9F-82B6-01B38E3ABC13}"
EndProject
Global
	GlobalSection(SolutionConfigurationPlatforms) = preSolution
		Debug|Any CPU = Debug|Any CPU
		Release|Any CPU = Release|Any CPU
	EndGlobalSection
	GlobalSection(SolutionProperties) = preSolution
		HideSolutionNode = FALSE
	EndGlobalSection
	GlobalSection(ProjectConfigurationPlatforms) = postSolution
		{704977B1-F69B-492B-8A68-A124638AAE46}.Debug|Any CPU.ActiveCfg = Debug|Any CPU
		{704977B1-F69B-492B-8A68-A124638AAE46}.Debug|Any CPU.Build.0 = Debug|Any CPU
		{704977B1-F69B-492B-8A68-A124638AAE46}.Release|Any CPU.ActiveCfg = Release|Any CPU
		{704977B1-F69B-492B-8A68-A124638AAE46}.Release|Any CPU.Build.0 = Release|Any CPU
		{3924046F-EFB4-4E9F-82B6-01B38E3ABC13}.Debug|Any CPU.ActiveCfg = Debug|Any CPU
		{3924046F-EFB4-4E9F-82B6-01B38E3ABC13}.Debug|Any CPU.Build.0 = Debug|Any CPU
		{3924046F-EFB4-4E9F-82B6-01B38E3ABC13}.Release|Any CPU.ActiveCfg = Release|Any CPU
		{3924046F-EFB4-4E9F-82B6-01B38E3ABC13}.Release|Any CPU.Build.0 = Release|Any CPU
	EndGlobalSection
EndGlobal
